
Microsoft Visual Studio Solution File, Format Version 12.00
# Visual Studio 15
VisualStudioVersion = 15.0.26124.0
MinimumVisualStudioVersion = 15.0.26124.0
Project("{FAE04EC0-301F-11D3-BF4B-00C04F79EFBC}") = "MediaWorld.Client", "MediaWorld.Client\MediaWorld.Client.csproj", "{EEB5C5B4-4B3F-4930-BE27-D89B57F1DCCD}"
EndProject
Project("{FAE04EC0-301F-11D3-BF4B-00C04F79EFBC}") = "MediaWorld.Domain", "MediaWorld.Domain\MediaWorld.Domain.csproj", "{F30EC9D4-B7F8-46B5-9929-0CA5E181B585}"
EndProject
Project("{FAE04EC0-301F-11D3-BF4B-00C04F79EFBC}") = "MediaWorld.Storing", "MediaWorld.Storing\MediaWorld.Storing.csproj", "{0A456395-6578-433A-9E5E-54D3F0C05456}"
EndProject
Project("{FAE04EC0-301F-11D3-BF4B-00C04F79EFBC}") = "MediaWorld.Testing", "MediaWorld.Testing\MediaWorld.Testing.csproj", "{651B5358-1661-435F-BE48-862AC09545EC}"
EndProject
Global
	GlobalSection(SolutionConfigurationPlatforms) = preSolution
		Debug|Any CPU = Debug|Any CPU
		Debug|x64 = Debug|x64
		Debug|x86 = Debug|x86
		Release|Any CPU = Release|Any CPU
		Release|x64 = Release|x64
		Release|x86 = Release|x86
	EndGlobalSection
	GlobalSection(SolutionProperties) = preSolution
		HideSolutionNode = FALSE
	EndGlobalSection
	GlobalSection(ProjectConfigurationPlatforms) = postSolution
		{EEB5C5B4-4B3F-4930-BE27-D89B57F1DCCD}.Debug|Any CPU.ActiveCfg = Debug|Any CPU
		{EEB5C5B4-4B3F-4930-BE27-D89B57F1DCCD}.Debug|Any CPU.Build.0 = Debug|Any CPU
		{EEB5C5B4-4B3F-4930-BE27-D89B57F1DCCD}.Debug|x64.ActiveCfg = Debug|Any CPU
		{EEB5C5B4-4B3F-4930-BE27-D89B57F1DCCD}.Debug|x64.Build.0 = Debug|Any CPU
		{EEB5C5B4-4B3F-4930-BE27-D89B57F1DCCD}.Debug|x86.ActiveCfg = Debug|Any CPU
		{EEB5C5B4-4B3F-4930-BE27-D89B57F1DCCD}.Debug|x86.Build.0 = Debug|Any CPU
		{EEB5C5B4-4B3F-4930-BE27-D89B57F1DCCD}.Release|Any CPU.ActiveCfg = Release|Any CPU
		{EEB5C5B4-4B3F-4930-BE27-D89B57F1DCCD}.Release|Any CPU.Build.0 = Release|Any CPU
		{EEB5C5B4-4B3F-4930-BE27-D89B57F1DCCD}.Release|x64.ActiveCfg = Release|Any CPU
		{EEB5C5B4-4B3F-4930-BE27-D89B57F1DCCD}.Release|x64.Build.0 = Release|Any CPU
		{EEB5C5B4-4B3F-4930-BE27-D89B57F1DCCD}.Release|x86.ActiveCfg = Release|Any CPU
		{EEB5C5B4-4B3F-4930-BE27-D89B57F1DCCD}.Release|x86.Build.0 = Release|Any CPU
		{F30EC9D4-B7F8-46B5-9929-0CA5E181B585}.Debug|Any CPU.ActiveCfg = Debug|Any CPU
		{F30EC9D4-B7F8-46B5-9929-0CA5E181B585}.Debug|Any CPU.Build.0 = Debug|Any CPU
		{F30EC9D4-B7F8-46B5-9929-0CA5E181B585}.Debug|x64.ActiveCfg = Debug|Any CPU
		{F30EC9D4-B7F8-46B5-9929-0CA5E181B585}.Debug|x64.Build.0 = Debug|Any CPU
		{F30EC9D4-B7F8-46B5-9929-0CA5E181B585}.Debug|x86.ActiveCfg = Debug|Any CPU
		{F30EC9D4-B7F8-46B5-9929-0CA5E181B585}.Debug|x86.Build.0 = Debug|Any CPU
		{F30EC9D4-B7F8-46B5-9929-0CA5E181B585}.Release|Any CPU.ActiveCfg = Release|Any CPU
		{F30EC9D4-B7F8-46B5-9929-0CA5E181B585}.Release|Any CPU.Build.0 = Release|Any CPU
		{F30EC9D4-B7F8-46B5-9929-0CA5E181B585}.Release|x64.ActiveCfg = Release|Any CPU
		{F30EC9D4-B7F8-46B5-9929-0CA5E181B585}.Release|x64.Build.0 = Release|Any CPU
		{F30EC9D4-B7F8-46B5-9929-0CA5E181B585}.Release|x86.ActiveCfg = Release|Any CPU
		{F30EC9D4-B7F8-46B5-9929-0CA5E181B585}.Release|x86.Build.0 = Release|Any CPU
		{0A456395-6578-433A-9E5E-54D3F0C05456}.Debug|Any CPU.ActiveCfg = Debug|Any CPU
		{0A456395-6578-433A-9E5E-54D3F0C05456}.Debug|Any CPU.Build.0 = Debug|Any CPU
		{0A456395-6578-433A-9E5E-54D3F0C05456}.Debug|x64.ActiveCfg = Debug|Any CPU
		{0A456395-6578-433A-9E5E-54D3F0C05456}.Debug|x64.Build.0 = Debug|Any CPU
		{0A456395-6578-433A-9E5E-54D3F0C05456}.Debug|x86.ActiveCfg = Debug|Any CPU
		{0A456395-6578-433A-9E5E-54D3F0C05456}.Debug|x86.Build.0 = Debug|Any CPU
		{0A456395-6578-433A-9E5E-54D3F0C05456}.Release|Any CPU.ActiveCfg = Release|Any CPU
		{0A456395-6578-433A-9E5E-54D3F0C05456}.Release|Any CPU.Build.0 = Release|Any CPU
		{0A456395-6578-433A-9E5E-54D3F0C05456}.Release|x64.ActiveCfg = Release|Any CPU
		{0A456395-6578-433A-9E5E-54D3F0C05456}.Release|x64.Build.0 = Release|Any CPU
		{0A456395-6578-433A-9E5E-54D3F0C05456}.Release|x86.ActiveCfg = Release|Any CPU
		{0A456395-6578-433A-9E5E-54D3F0C05456}.Release|x86.Build.0 = Release|Any CPU
		{651B5358-1661-435F-BE48-862AC09545EC}.Debug|Any CPU.ActiveCfg = Debug|Any CPU
		{651B5358-1661-435F-BE48-862AC09545EC}.Debug|Any CPU.Build.0 = Debug|Any CPU
		{651B5358-1661-435F-BE48-862AC09545EC}.Debug|x64.ActiveCfg = Debug|Any CPU
		{651B5358-1661-435F-BE48-862AC09545EC}.Debug|x64.Build.0 = Debug|Any CPU
		{651B5358-1661-435F-BE48-862AC09545EC}.Debug|x86.ActiveCfg = Debug|Any CPU
		{651B5358-1661-435F-BE48-862AC09545EC}.Debug|x86.Build.0 = Debug|Any CPU
		{651B5358-1661-435F-BE48-862AC09545EC}.Release|Any CPU.ActiveCfg = Release|Any CPU
		{651B5358-1661-435F-BE48-862AC09545EC}.Release|Any CPU.Build.0 = Release|Any CPU
		{651B5358-1661-435F-BE48-862AC09545EC}.Release|x64.ActiveCfg = Release|Any CPU
		{651B5358-1661-435F-BE48-862AC09545EC}.Release|x64.Build.0 = Release|Any CPU
		{651B5358-1661-435F-BE48-862AC09545EC}.Release|x86.ActiveCfg = Release|Any CPU
		{651B5358-1661-435F-BE48-862AC09545EC}.Release|x86.Build.0 = Release|Any CPU
	EndGlobalSection
EndGlobal
